github.com/bots-garden/capsule-host-sdk v0.0.1 h1:CONglPxV7hqKcfHCUDw/nvLDHN2JJ++UQvlF4v6snt8=
github.com/bots-garden/capsule-host-sdk v0.0.1/go.mod h1:yzNVRaRSOn03jx1WAxGqQTg0IG3OQ4JbnH4ZYDggu4g=
github.com/bots-garden/capsule-host-sdk v0.0.2 h1:4E9/gBBvzICVoDEWwUtlF5tNcL/9xbx0eA8P0oV7Ak0=
github.com/bots-garden/capsule-host-sdk v0.0.2/go.mod h1:0Kp7hcVkk8x8ezOJqGdB7NbiudgWLe66slHQUIYCibw=
github.com/bots-garden/capsule-module-sdk v0.0.2 h1:YVGBwHizktwYcRbNF49CnxUc4A+JYJ+b1TPzhXsS+lQ=
github.com/bots-garden/capsule-module-sdk v0.0.2/go.mod h1:DtKYwanz4YvBwSpu0GuuhtkeFE6+jDgEucBOTWVBMy8=
github.com/cespare/xxhash/v2 v2.2.0 h1:DC2CZ1Ep5Y4k3ZQ899DldepgrayRUGE6BBZ/cd9Cj44=
github.com/cespare/xxhash/v2 v2.2.0/go.mod h1:VGX0DQ3Q6kWi7AoAeZDth3/j3BFtOZR5XLFGgcrjCOs=
github.com/dgryski/go-rendezvous v0.0.0-20200823014737-9f7001d12a5f h1:lO4WD4F/rVNCu3HqELle0jiPLLBs70cWOduZpkS1E78=
github.com/dgryski/go-rendezvous v0.0.0-20200823014737-9f7001d12a5f/go.mod h1:cuUVRXasLTGF7a8hSLbxyZXjz+1KgoB3wDUb6vlszIc=
github.com/go-resty/resty/v2 v2.7.0 h1:me+K9p3uhSmXtrBZ4k9jcEAfJmuC8IivWHwaLZwPrFY=
github.com/go-resty/resty/v2 v2.7.0/go.mod h1:9PWDzw47qPphMRFfhsyk0NnSgvluHcljSMVIq3w7q0I=
github.com/redis/go-redis/v9 v9.0.4 h1:FC82T+CHJ/Q/PdyLW++GeCO+Ol59Y4T7R4jbgjvktgc=
github.com/redis/go-redis/v9 v9.0.4/go.mod h1:WqMKv5vnQbRuZstUwxQI195wHy+t4PuXDOjzMvcuQHk=
github.com/tetratelabs/wazero v1.1.0 h1:EByoAhC+QcYpwSZJSs/aV0uokxPwBgKxfiokSUwAknQ=
github.com/tetratelabs/wazero v1.1.0/go.mod h1:wYx2gNRg8/WihJfSDxA1TIL8H+GkfLYm+bIfbblu9VQ=
github.com/valyala/fastjson v1.6.4 h1:uAUNq9Z6ymTgGhcm0UynUAB6tlbakBrz6CQFax3BXVQ=
github.com/valyala/fastjson v1.6.4/go.mod h1:CLCAqky6SMuOcxStkYQvblddUtoRxhYMGLrsQns1aXY=
golang.org/x/net v0.0.0-20211029224645-99673261e6eb h1:pirldcYWx7rx7kE5r+9WsOXPXK0+WH5+uZ7uPmJ44uM=
golang.org/x/net v0.0.0-20211029224645-99673261e6eb/go.mod h1:9nx3DQGgdP8bBQD5qxJ1jj9UTztislL4KSBs9R2vV5Y=
golang.org/x/net v0.10.0 h1:X2//UzNDwYmtCLn7To6G58Wr6f5ahEAQgKNzv9Y951M=
golang.org/x/net v0.10.0/go.mod h1:0qNGK6F8kojg2nk9dLZ2mShWaEBan6FAoqfSigmmuDg=
golang.org/x/sys v0.0.0-20201119102817-f84b799fce68/go.mod h1:h1NjWce9XRLGQEsW7wpKNCjG9DtNlClVuFLEZdDNbEs=
golang.org/x/sys v0.0.0-20210423082822-04245dca01da/go.mod h1:h1NjWce9XRLGQEsW7wpKNCjG9DtNlClVuFLEZdDNbEs=
golang.org/x/term v0.0.0-20201126162022-7de9c90e9dd1/go.mod h1:bj7SfCRtBDWHUb9snDiAeCFNEtKQo2Wmx5Cou7ajbmo=
golang.org/x/text v0.3.6/go.mod h1:5Zoc/QRtKVWzQhOtBMvqHzDpF6irO9z98xDceosuGiQ=
golang.org/x/tools v0.0.0-20180917221912-90fa682c2a6e/go.mod h1:n7NCudcB/nEzxVGmLbDWY5pfWTLqBcC2KZ6jyYvM4mQ=
